// !$*UTF8*$!
{
	archiveVersion = 1;
	classes = {
	};
	objectVersion = 46;
	objects = {

/* Begin PBXBuildFile section */
		9596273E1EE9CC21007DCFA7 /* ChatCell.swift in Sources */ = {isa = PBXBuildFile; fileRef = 9596273C1EE9CC21007DCFA7 /* ChatCell.swift */; };
		9596273F1EE9CC21007DCFA7 /* ChatCell.xib in Resources */ = {isa = PBXBuildFile; fileRef = 9596273D1EE9CC21007DCFA7 /* ChatCell.xib */; };
		959627421EE9CC3B007DCFA7 /* SegmentCell.swift in Sources */ = {isa = PBXBuildFile; fileRef = 959627401EE9CC3B007DCFA7 /* SegmentCell.swift */; };
		959627431EE9CC3B007DCFA7 /* SegmentCell.xib in Resources */ = {isa = PBXBuildFile; fileRef = 959627411EE9CC3B007DCFA7 /* SegmentCell.xib */; };
		959627471EE9D447007DCFA7 /* Main.storyboard in Resources */ = {isa = PBXBuildFile; fileRef = 959627461EE9D447007DCFA7 /* Main.storyboard */; };
		9596276B1EEA8B91007DCFA7 /* PrototypeCell.swift in Sources */ = {isa = PBXBuildFile; fileRef = 9596276A1EEA8B91007DCFA7 /* PrototypeCell.swift */; };
		95BBBBB11EE8581400100889 /* AppDelegate.swift in Sources */ = {isa = PBXBuildFile; fileRef = 95BBBBB01EE8581400100889 /* AppDelegate.swift */; };
		95BBBBB81EE8581400100889 /* Assets.xcassets in Resources */ = {isa = PBXBuildFile; fileRef = 95BBBBB71EE8581400100889 /* Assets.xcassets */; };
		95BBBBBB1EE8581400100889 /* LaunchScreen.storyboard in Resources */ = {isa = PBXBuildFile; fileRef = 95BBBBB91EE8581400100889 /* LaunchScreen.storyboard */; };
		95BBBBC31EE859AD00100889 /* GoogleService-Info.plist in Resources */ = {isa = PBXBuildFile; fileRef = 95BBBBC21EE859AD00100889 /* GoogleService-Info.plist */; };
		95BBBBD41EE873A900100889 /* ChatViewController.swift in Sources */ = {isa = PBXBuildFile; fileRef = 95BBBBD31EE873A900100889 /* ChatViewController.swift */; };
		95BBBBDA1EE874BF00100889 /* chat.json in Resources */ = {isa = PBXBuildFile; fileRef = 95BBBBD91EE874BF00100889 /* chat.json */; };
		95BBBBDD1EE87AB400100889 /* LastMessage.swift in Sources */ = {isa = PBXBuildFile; fileRef = 95BBBBDC1EE87AB400100889 /* LastMessage.swift */; };
		95BBBBE71EE87C9600100889 /* User.swift in Sources */ = {isa = PBXBuildFile; fileRef = 95BBBBE61EE87C9600100889 /* User.swift */; };
		95BBBBE91EE87D3200100889 /* Channel.swift in Sources */ = {isa = PBXBuildFile; fileRef = 95BBBBE81EE87D3200100889 /* Channel.swift */; };
		C1E589D97043DCBAACDBDFE8 /* Pods_Chat.framework in Frameworks */ = {isa = PBXBuildFile; fileRef = 4059A58D503594BA4ED11065 /* Pods_Chat.framework */; };
/* End PBXBuildFile section */

/* Begin PBXFileReference section */
		356D3DED3C75E4B807D63357 /* Pods-Chat.debug.xcconfig */ = {isa = PBXFileReference; includeInIndex = 1; lastKnownFileType = text.xcconfig; name = "Pods-Chat.debug.xcconfig"; path = "Pods/Target Support Files/Pods-Chat/Pods-Chat.debug.xcconfig"; sourceTree = "<group>"; };
		4059A58D503594BA4ED11065 /* Pods_Chat.framework */ = {isa = PBXFileReference; explicitFileType = wrapper.framework; includeInIndex = 0; path = Pods_Chat.framework; sourceTree = BUILT_PRODUCTS_DIR; };
		9596273C1EE9CC21007DCFA7 /* ChatCell.swift */ = {isa = PBXFileReference; fileEncoding = 4; lastKnownFileType = sourcecode.swift; path = ChatCell.swift; sourceTree = "<group>"; };
		9596273D1EE9CC21007DCFA7 /* ChatCell.xib */ = {isa = PBXFileReference; fileEncoding = 4; lastKnownFileType = file.xib; path = ChatCell.xib; sourceTree = "<group>"; };
		959627401EE9CC3B007DCFA7 /* SegmentCell.swift */ = {isa = PBXFileReference; fileEncoding = 4; lastKnownFileType = sourcecode.swift; path = SegmentCell.swift; sourceTree = "<group>"; };
		959627411EE9CC3B007DCFA7 /* SegmentCell.xib */ = {isa = PBXFileReference; fileEncoding = 4; lastKnownFileType = file.xib; path = SegmentCell.xib; sourceTree = "<group>"; };
		959627461EE9D447007DCFA7 /* Main.storyboard */ = {isa = PBXFileReference; fileEncoding = 4; lastKnownFileType = file.storyboard; path = Main.storyboard; sourceTree = "<group>"; };
		9596276A1EEA8B91007DCFA7 /* PrototypeCell.swift */ = {isa = PBXFileReference; fileEncoding = 4; lastKnownFileType = sourcecode.swift; path = PrototypeCell.swift; sourceTree = "<group>"; };
		95BBBBAD1EE8581400100889 /* Chat.app */ = {isa = PBXFileReference; explicitFileType = wrapper.application; includeInIndex = 0; path = Chat.app; sourceTree = BUILT_PRODUCTS_DIR; };
		95BBBBB01EE8581400100889 /* AppDelegate.swift */ = {isa = PBXFileReference; lastKnownFileType = sourcecode.swift; path = AppDelegate.swift; sourceTree = "<group>"; };
		95BBBBB71EE8581400100889 /* Assets.xcassets */ = {isa = PBXFileReference; lastKnownFileType = folder.assetcatalog; path = Assets.xcassets; sourceTree = "<group>"; };
		95BBBBBA1EE8581400100889 /* Base */ = {isa = PBXFileReference; lastKnownFileType = file.storyboard; name = Base; path = Base.lproj/LaunchScreen.storyboard; sourceTree = "<group>"; };
		95BBBBBC1EE8581400100889 /* Info.plist */ = {isa = PBXFileReference; lastKnownFileType = text.plist.xml; path = Info.plist; sourceTree = "<group>"; };
		95BBBBC21EE859AD00100889 /* GoogleService-Info.plist */ = {isa = PBXFileReference; fileEncoding = 4; lastKnownFileType = text.plist.xml; path = "GoogleService-Info.plist"; sourceTree = "<group>"; };
		95BBBBD31EE873A900100889 /* ChatViewController.swift */ = {isa = PBXFileReference; fileEncoding = 4; lastKnownFileType = sourcecode.swift; path = ChatViewController.swift; sourceTree = "<group>"; };
		95BBBBD91EE874BF00100889 /* chat.json */ = {isa = PBXFileReference; fileEncoding = 4; lastKnownFileType = text.json; path = chat.json; sourceTree = "<group>"; };
		95BBBBDC1EE87AB400100889 /* LastMessage.swift */ = {isa = PBXFileReference; fileEncoding = 4; lastKnownFileType = sourcecode.swift; path = LastMessage.swift; sourceTree = "<group>"; };
		95BBBBE61EE87C9600100889 /* User.swift */ = {isa = PBXFileReference; fileEncoding = 4; lastKnownFileType = sourcecode.swift; path = User.swift; sourceTree = "<group>"; };
		95BBBBE81EE87D3200100889 /* Channel.swift */ = {isa = PBXFileReference; fileEncoding = 4; lastKnownFileType = sourcecode.swift; path = Channel.swift; sourceTree = "<group>"; };
		AFAF25F42B1BBCA5E77F7279 /* Pods-Chat.release.xcconfig */ = {isa = PBXFileReference; includeInIndex = 1; lastKnownFileType = text.xcconfig; name = "Pods-Chat.release.xcconfig"; path = "Pods/Target Support Files/Pods-Chat/Pods-Chat.release.xcconfig"; sourceTree = "<group>"; };
/* End PBXFileReference section */

/* Begin PBXFrameworksBuildPhase section */
		95BBBBAA1EE8581400100889 /* Frameworks */ = {
			isa = PBXFrameworksBuildPhase;
			buildActionMask = 2147483647;
			files = (
				C1E589D97043DCBAACDBDFE8 /* Pods_Chat.framework in Frameworks */,
			);
			runOnlyForDeploymentPostprocessing = 0;
		};
/* End PBXFrameworksBuildPhase section */

/* Begin PBXGroup section */
		48C02EE22F5E94E42F577E98 /* Frameworks */ = {
			isa = PBXGroup;
			children = (
				4059A58D503594BA4ED11065 /* Pods_Chat.framework */,
			);
			name = Frameworks;
			sourceTree = "<group>";
		};
		4AA6C9529862A4B0CE28E66A /* Pods */ = {
			isa = PBXGroup;
			children = (
				356D3DED3C75E4B807D63357 /* Pods-Chat.debug.xcconfig */,
				AFAF25F42B1BBCA5E77F7279 /* Pods-Chat.release.xcconfig */,
			);
			name = Pods;
			sourceTree = "<group>";
		};
		95BBBBA41EE8581400100889 = {
			isa = PBXGroup;
			children = (
				95BBBBAF1EE8581400100889 /* Chat */,
				95BBBBAE1EE8581400100889 /* Products */,
				4AA6C9529862A4B0CE28E66A /* Pods */,
				48C02EE22F5E94E42F577E98 /* Frameworks */,
			);
			sourceTree = "<group>";
		};
		95BBBBAE1EE8581400100889 /* Products */ = {
			isa = PBXGroup;
			children = (
				95BBBBAD1EE8581400100889 /* Chat.app */,
			);
			name = Products;
			sourceTree = "<group>";
		};
		95BBBBAF1EE8581400100889 /* Chat */ = {
			isa = PBXGroup;
			children = (
				95BBBBDF1EE87BB000100889 /* Structs */,
				95BBBBE11EE87C1000100889 /* Cells */,
				95BBBBB01EE8581400100889 /* AppDelegate.swift */,
				95BBBBD31EE873A900100889 /* ChatViewController.swift */,
				959627461EE9D447007DCFA7 /* Main.storyboard */,
				95BBBBB91EE8581400100889 /* LaunchScreen.storyboard */,
				95BBBBB71EE8581400100889 /* Assets.xcassets */,
				95BBBBBC1EE8581400100889 /* Info.plist */,
				95BBBBC21EE859AD00100889 /* GoogleService-Info.plist */,
				95BBBBDB1EE8768700100889 /* JSON */,
			);
			path = Chat;
			sourceTree = "<group>";
		};
		95BBBBDB1EE8768700100889 /* JSON */ = {
			isa = PBXGroup;
			children = (
				95BBBBD91EE874BF00100889 /* chat.json */,
			);
			name = JSON;
			sourceTree = "<group>";
		};
		95BBBBDF1EE87BB000100889 /* Structs */ = {
			isa = PBXGroup;
			children = (
				95BBBBDC1EE87AB400100889 /* LastMessage.swift */,
				95BBBBE61EE87C9600100889 /* User.swift */,
				95BBBBE81EE87D3200100889 /* Channel.swift */,
			);
			name = Structs;
			path = ..;
			sourceTree = "<group>";
		};
		95BBBBE11EE87C1000100889 /* Cells */ = {
			isa = PBXGroup;
			children = (
				9596273C1EE9CC21007DCFA7 /* ChatCell.swift */,
				9596273D1EE9CC21007DCFA7 /* ChatCell.xib */,
				9596276A1EEA8B91007DCFA7 /* PrototypeCell.swift */,
				959627401EE9CC3B007DCFA7 /* SegmentCell.swift */,
				959627411EE9CC3B007DCFA7 /* SegmentCell.xib */,
			);
			name = Cells;
			sourceTree = "<group>";
		};
/* End PBXGroup section */

/* Begin PBXNativeTarget section */
		95BBBBAC1EE8581400100889 /* Chat */ = {
			isa = PBXNativeTarget;
			buildConfigurationList = 95BBBBBF1EE8581400100889 /* Build configuration list for PBXNativeTarget "Chat" */;
			buildPhases = (
				0C17DF26B6FED289613FC0F0 /* [CP] Check Pods Manifest.lock */,
				95BBBBA91EE8581400100889 /* Sources */,
				95BBBBAA1EE8581400100889 /* Frameworks */,
				95BBBBAB1EE8581400100889 /* Resources */,
				9370FDE683584762A008FF49 /* [CP] Embed Pods Frameworks */,
				6E0B20397D9D8AE8A275FA9D /* [CP] Copy Pods Resources */,
			);
			buildRules = (
			);
			dependencies = (
			);
			name = Chat;
			productName = Chat;
			productReference = 95BBBBAD1EE8581400100889 /* Chat.app */;
			productType = "com.apple.product-type.application";
		};
/* End PBXNativeTarget section */

/* Begin PBXProject section */
		95BBBBA51EE8581400100889 /* Project object */ = {
			isa = PBXProject;
			attributes = {
				LastSwiftUpdateCheck = 0830;
				LastUpgradeCheck = 0830;
				ORGANIZATIONNAME = Anna;
				TargetAttributes = {
					95BBBBAC1EE8581400100889 = {
						CreatedOnToolsVersion = 8.3.2;
						DevelopmentTeam = X8E2R8HQQL;
						ProvisioningStyle = Automatic;
					};
				};
			};
			buildConfigurationList = 95BBBBA81EE8581400100889 /* Build configuration list for PBXProject "Chat" */;
			compatibilityVersion = "Xcode 3.2";
			developmentRegion = English;
			hasScannedForEncodings = 0;
			knownRegions = (
				en,
				Base,
			);
			mainGroup = 95BBBBA41EE8581400100889;
			productRefGroup = 95BBBBAE1EE8581400100889 /* Products */;
			projectDirPath = "";
			projectRoot = "";
			targets = (
				95BBBBAC1EE8581400100889 /* Chat */,
			);
		};
/* End PBXProject section */

/* Begin PBXResourcesBuildPhase section */
		95BBBBAB1EE8581400100889 /* Resources */ = {
			isa = PBXResourcesBuildPhase;
			buildActionMask = 2147483647;
			files = (
				959627471EE9D447007DCFA7 /* Main.storyboard in Resources */,
				95BBBBBB1EE8581400100889 /* LaunchScreen.storyboard in Resources */,
				9596273F1EE9CC21007DCFA7 /* ChatCell.xib in Resources */,
				959627431EE9CC3B007DCFA7 /* SegmentCell.xib in Resources */,
				95BBBBDA1EE874BF00100889 /* chat.json in Resources */,
				95BBBBB81EE8581400100889 /* Assets.xcassets in Resources */,
				95BBBBC31EE859AD00100889 /* GoogleService-Info.plist in Resources */,
			);
			runOnlyForDeploymentPostprocessing = 0;
		};
/* End PBXResourcesBuildPhase section */

/* Begin PBXShellScriptBuildPhase section */
		0C17DF26B6FED289613FC0F0 /* [CP] Check Pods Manifest.lock */ = {
			isa = PBXShellScriptBuildPhase;
			buildActionMask = 2147483647;
			files = (
			);
			inputPaths = (
			);
			name = "[CP] Check Pods Manifest.lock";
			outputPaths = (
			);
			runOnlyForDeploymentPostprocessing = 0;
			shellPath = /bin/sh;
			shellScript = "diff \"${PODS_PODFILE_DIR_PATH}/Podfile.lock\" \"${PODS_ROOT}/Manifest.lock\" > /dev/null\nif [ $? != 0 ] ; then\n    # print error to STDERR\n    echo \"error: The sandbox is not in sync with the Podfile.lock. Run 'pod install' or update your CocoaPods installation.\" >&2\n    exit 1\nfi\n";
			showEnvVarsInLog = 0;
		};
		6E0B20397D9D8AE8A275FA9D /* [CP] Copy Pods Resources */ = {
			isa = PBXShellScriptBuildPhase;
			buildActionMask = 2147483647;
			files = (
			);
			inputPaths = (
			);
			name = "[CP] Copy Pods Resources";
			outputPaths = (
			);
			runOnlyForDeploymentPostprocessing = 0;
			shellPath = /bin/sh;
			shellScript = "\"${SRCROOT}/Pods/Target Support Files/Pods-Chat/Pods-Chat-resources.sh\"\n";
			showEnvVarsInLog = 0;
		};
		9370FDE683584762A008FF49 /* [CP] Embed Pods Frameworks */ = {
			isa = PBXShellScriptBuildPhase;
			buildActionMask = 2147483647;
			files = (
			);
			inputPaths = (
			);
			name = "[CP] Embed Pods Frameworks";
			outputPaths = (
			);
			runOnlyForDeploymentPostprocessing = 0;
			shellPath = /bin/sh;
			shellScript = "\"${SRCROOT}/Pods/Target Support Files/Pods-Chat/Pods-Chat-frameworks.sh\"\n";
			showEnvVarsInLog = 0;
		};
/* End PBXShellScriptBuildPhase section */

/* Begin PBXSourcesBuildPhase section */
		95BBBBA91EE8581400100889 /* Sources */ = {
			isa = PBXSourcesBuildPhase;
			buildActionMask = 2147483647;
			files = (
				95BBBBE91EE87D3200100889 /* Channel.swift in Sources */,
				9596273E1EE9CC21007DCFA7 /* ChatCell.swift in Sources */,
				95BBBBB11EE8581400100889 /* AppDelegate.swift in Sources */,
				95BBBBDD1EE87AB400100889 /* LastMessage.swift in Sources */,
				9596276B1EEA8B91007DCFA7 /* PrototypeCell.swift in Sources */,
				95BBBBE71EE87C9600100889 /* User.swift in Sources */,
				959627421EE9CC3B007DCFA7 /* SegmentCell.swift in Sources */,
				95BBBBD41EE873A900100889 /* ChatViewController.swift in Sources */,
			);
			runOnlyForDeploymentPostprocessing = 0;
		};
/* End PBXSourcesBuildPhase section */

/* Begin PBXVariantGroup section */
		95BBBBB91EE8581400100889 /* LaunchScreen.storyboard */ = {
			isa = PBXVariantGroup;
			children = (
				95BBBBBA1EE8581400100889 /* Base */,
			);
			name = LaunchScreen.storyboard;
			sourceTree = "<group>";
		};
/* End PBXVariantGroup section */

/* Begin XCBuildConfiguration section */
		95BBBBBD1EE8581400100889 /* Debug */ = {
			isa = XCBuildConfiguration;
			buildSettings = {
				ALWAYS_SEARCH_USER_PATHS = NO;
				CLANG_ANALYZER_NONNULL = YES;
				CLANG_ANALYZER_NUMBER_OBJECT_CONVERSION = YES_AGGRESSIVE;
				CLANG_CXX_LANGUAGE_STANDARD = "gnu++0x";
				CLANG_CXX_LIBRARY = "libc++";
				CLANG_ENABLE_MODULES = YES;
				CLANG_ENABLE_OBJC_ARC = YES;
				CLANG_WARN_BOOL_CONVERSION = YES;
				CLANG_WARN_CONSTANT_CONVERSION = YES;
				CLANG_WARN_DIRECT_OBJC_ISA_USAGE = YES_ERROR;
				CLANG_WARN_DOCUMENTATION_COMMENTS = YES;
				CLANG_WARN_EMPTY_BODY = YES;
				CLANG_WARN_ENUM_CONVERSION = YES;
				CLANG_WARN_INFINITE_RECURSION = YES;
				CLANG_WARN_INT_CONVERSION = YES;
				CLANG_WARN_OBJC_ROOT_CLASS = YES_ERROR;
				CLANG_WARN_SUSPICIOUS_MOVE = YES;
				CLANG_WARN_UNREACHABLE_CODE = YES;
				CLANG_WARN__DUPLICATE_METHOD_MATCH = YES;
				"CODE_SIGN_IDENTITY[sdk=iphoneos*]" = "iPhone Developer";
				COPY_PHASE_STRIP = NO;
				DEBUG_INFORMATION_FORMAT = dwarf;
				ENABLE_STRICT_OBJC_MSGSEND = YES;
				ENABLE_TESTABILITY = YES;
				GCC_C_LANGUAGE_STANDARD = gnu99;
				GCC_DYNAMIC_NO_PIC = NO;
				GCC_NO_COMMON_BLOCKS = YES;
				GCC_OPTIMIZATION_LEVEL = 0;
				GCC_PREPROCESSOR_DEFINITIONS = (
					"DEBUG=1",
					"$(inherited)",
				);
				GCC_WARN_64_TO_32_BIT_CONVERSION = YES;
				GCC_WARN_ABOUT_RETURN_TYPE = YES_ERROR;
				GCC_WARN_UNDECLARED_SELECTOR = YES;
				GCC_WARN_UNINITIALIZED_AUTOS = YES_AGGRESSIVE;
				GCC_WARN_UNUSED_FUNCTION = YES;
				GCC_WARN_UNUSED_VARIABLE = YES;
				IPHONEOS_DEPLOYMENT_TARGET = 10.3;
				MTL_ENABLE_DEBUG_INFO = YES;
				ONLY_ACTIVE_ARCH = YES;
				SDKROOT = iphoneos;
				SWIFT_ACTIVE_COMPILATION_CONDITIONS = DEBUG;
				SWIFT_OPTIMIZATION_LEVEL = "-Onone";
				TARGETED_DEVICE_FAMILY = "1,2";
			};
			name = Debug;
		};
		95BBBBBE1EE8581400100889 /* Release */ = {
			isa = XCBuildConfiguration;
			buildSettings = {
				ALWAYS_SEARCH_USER_PATHS = NO;
				CLANG_ANALYZER_NONNULL = YES;
				CLANG_ANALYZER_NUMBER_OBJECT_CONVERSION = YES_AGGRESSIVE;
				CLANG_CXX_LANGUAGE_STANDARD = "gnu++0x";
				CLANG_CXX_LIBRARY = "libc++";
				CLANG_ENABLE_MODULES = YES;
				CLANG_ENABLE_OBJC_ARC = YES;
				CLANG_WARN_BOOL_CONVERSION = YES;
				CLANG_WARN_CONSTANT_CONVERSION = YES;
				CLANG_WARN_DIRECT_OBJC_ISA_USAGE = YES_ERROR;
				CLANG_WARN_DOCUMENTATION_COMMENTS = YES;
				CLANG_WARN_EMPTY_BODY = YES;
				CLANG_WARN_ENUM_CONVERSION = YES;
				CLANG_WARN_INFINITE_RECURSION = YES;
				CLANG_WARN_INT_CONVERSION = YES;
				CLANG_WARN_OBJC_ROOT_CLASS = YES_ERROR;
				CLANG_WARN_SUSPICIOUS_MOVE = YES;
				CLANG_WARN_UNREACHABLE_CODE = YES;
				CLANG_WARN__DUPLICATE_METHOD_MATCH = YES;
				"CODE_SIGN_IDENTITY[sdk=iphoneos*]" = "iPhone Developer";
				COPY_PHASE_STRIP = NO;
				DEBUG_INFORMATION_FORMAT = "dwarf-with-dsym";
				ENABLE_NS_ASSERTIONS = NO;
				ENABLE_STRICT_OBJC_MSGSEND = YES;
				GCC_C_LANGUAGE_STANDARD = gnu99;
				GCC_NO_COMMON_BLOCKS = YES;
				GCC_WARN_64_TO_32_BIT_CONVERSION = YES;
				GCC_WARN_ABOUT_RETURN_TYPE = YES_ERROR;
				GCC_WARN_UNDECLARED_SELECTOR = YES;
				GCC_WARN_UNINITIALIZED_AUTOS = YES_AGGRESSIVE;
				GCC_WARN_UNUSED_FUNCTION = YES;
				GCC_WARN_UNUSED_VARIABLE = YES;
				IPHONEOS_DEPLOYMENT_TARGET = 10.3;
				MTL_ENABLE_DEBUG_INFO = NO;
				SDKROOT = iphoneos;
				SWIFT_OPTIMIZATION_LEVEL = "-Owholemodule";
				TARGETED_DEVICE_FAMILY = "1,2";
				VALIDATE_PRODUCT = YES;
			};
			name = Release;
		};
		95BBBBC01EE8581400100889 /* Debug */ = {
			isa = XCBuildConfiguration;
			baseConfigurationReference = 356D3DED3C75E4B807D63357 /* Pods-Chat.debug.xcconfig */;
			buildSettings = {
				ASSETCATALOG_COMPILER_APPICON_NAME = AppIcon;
				DEVELOPMENT_TEAM = X8E2R8HQQL;
				INFOPLIST_FILE = Chat/Info.plist;
				LD_RUNPATH_SEARCH_PATHS = "$(inherited) @executable_path/Frameworks";
				PRODUCT_BUNDLE_IDENTIFIER = "A-Lime-Studio.Chat";
				PRODUCT_NAME = "$(TARGET_NAME)";
				SWIFT_VERSION = 3.0;
			};
			name = Debug;
		};
		95BBBBC11EE8581400100889 /* Release */ = {
			isa = XCBuildConfiguration;
			baseConfigurationReference = AFAF25F42B1BBCA5E77F7279 /* Pods-Chat.release.xcconfig */;
			buildSettings = {
				ASSETCATALOG_COMPILER_APPICON_NAME = AppIcon;
				DEVELOPMENT_TEAM = X8E2R8HQQL;
				INFOPLIST_FILE = Chat/Info.plist;
				LD_RUNPATH_SEARCH_PATHS = "$(inherited) @executable_path/Frameworks";
				PRODUCT_BUNDLE_IDENTIFIER = "A-Lime-Studio.Chat";
				PRODUCT_NAME = "$(TARGET_NAME)";
				SWIFT_VERSION = 3.0;
			};
			name = Release;
		};
/* End XCBuildConfiguration section */

/* Begin XCConfigurationList section */
		95BBBBA81EE8581400100889 /* Build configuration list for PBXProject "Chat" */ = {
			isa = XCConfigurationList;
			buildConfigurations = (
				95BBBBBD1EE8581400100889 /* Debug */,
				95BBBBBE1EE8581400100889 /* Release */,
			);
			defaultConfigurationIsVisible = 0;
			defaultConfigurationName = Release;
		};
		95BBBBBF1EE8581400100889 /* Build configuration list for PBXNativeTarget "Chat" */ = {
			isa = XCConfigurationList;
			buildConfigurations = (
				95BBBBC01EE8581400100889 /* Debug */,
				95BBBBC11EE8581400100889 /* Release */,
			);
			defaultConfigurationIsVisible = 0;
			defaultConfigurationName = Release;
		};
/* End XCConfigurationList section */
	};
	rootObject = 95BBBBA51EE8581400100889 /* Project object */;
}
