// !$*UTF8*$!
{
	archiveVersion = 1;
	classes = {
	};
	objectVersion = 46;
	objects = {

/* Begin PBXBuildFile section */
		95263D941EEC375C005815DC /* AppDelegate.swift in Sources */ = {isa = PBXBuildFile; fileRef = 95263D7A1EEC375C005815DC /* AppDelegate.swift */; };
		95263D951EEC375C005815DC /* GoogleService-Info.plist in Resources */ = {isa = PBXBuildFile; fileRef = 95263D7B1EEC375C005815DC /* GoogleService-Info.plist */; };
		95263D961EEC375C005815DC /* Info.plist in Resources */ = {isa = PBXBuildFile; fileRef = 95263D7C1EEC375C005815DC /* Info.plist */; };
		95263D971EEC375C005815DC /* Assets.xcassets in Resources */ = {isa = PBXBuildFile; fileRef = 95263D7E1EEC375C005815DC /* Assets.xcassets */; };
		95263D981EEC375C005815DC /* LaunchScreen.storyboard in Resources */ = {isa = PBXBuildFile; fileRef = 95263D7F1EEC375C005815DC /* LaunchScreen.storyboard */; };
		95263D991EEC375C005815DC /* chat.json in Resources */ = {isa = PBXBuildFile; fileRef = 95263D811EEC375C005815DC /* chat.json */; };
		95263D9A1EEC375C005815DC /* Channel.swift in Sources */ = {isa = PBXBuildFile; fileRef = 95263D851EEC375C005815DC /* Channel.swift */; };
		95263D9B1EEC375C005815DC /* Message.swift in Sources */ = {isa = PBXBuildFile; fileRef = 95263D861EEC375C005815DC /* Message.swift */; };
		95263D9C1EEC375C005815DC /* User.swift in Sources */ = {isa = PBXBuildFile; fileRef = 95263D871EEC375C005815DC /* User.swift */; };
		95263D9D1EEC375C005815DC /* Main.storyboard in Resources */ = {isa = PBXBuildFile; fileRef = 95263D891EEC375C005815DC /* Main.storyboard */; };
		95263D9E1EEC375C005815DC /* ChatCell.swift in Sources */ = {isa = PBXBuildFile; fileRef = 95263D8D1EEC375C005815DC /* ChatCell.swift */; };
		95263D9F1EEC375C005815DC /* ChatCell.xib in Resources */ = {isa = PBXBuildFile; fileRef = 95263D8E1EEC375C005815DC /* ChatCell.xib */; };
		95263DA01EEC375C005815DC /* ChatViewController.swift in Sources */ = {isa = PBXBuildFile; fileRef = 95263D8F1EEC375C005815DC /* ChatViewController.swift */; };
		95263DA11EEC375C005815DC /* PrototypeCell.swift in Sources */ = {isa = PBXBuildFile; fileRef = 95263D901EEC375C005815DC /* PrototypeCell.swift */; };
		95263DA21EEC375C005815DC /* SegmentCell.swift in Sources */ = {isa = PBXBuildFile; fileRef = 95263D911EEC375C005815DC /* SegmentCell.swift */; };
		95263DA31EEC375C005815DC /* SegmentCell.xib in Resources */ = {isa = PBXBuildFile; fileRef = 95263D921EEC375C005815DC /* SegmentCell.xib */; };
		95263DA91EEC3A74005815DC /* ID.swift in Sources */ = {isa = PBXBuildFile; fileRef = 95263DA81EEC3A74005815DC /* ID.swift */; };
		95263DAB1EEC3A9D005815DC /* APIService.swift in Sources */ = {isa = PBXBuildFile; fileRef = 95263DAA1EEC3A9D005815DC /* APIService.swift */; };
		95263DAD1EEC4DBA005815DC /* JSON.swift in Sources */ = {isa = PBXBuildFile; fileRef = 95263DAC1EEC4DBA005815DC /* JSON.swift */; };
		95263DB01EEC5C45005815DC /* Array+Extensions.swift in Sources */ = {isa = PBXBuildFile; fileRef = 95263DAF1EEC5C45005815DC /* Array+Extensions.swift */; };
		95263DB21EEC605E005815DC /* ChatView.swift in Sources */ = {isa = PBXBuildFile; fileRef = 95263DB11EEC605E005815DC /* ChatView.swift */; };
		95263DB41EEC61AD005815DC /* Cast.swift in Sources */ = {isa = PBXBuildFile; fileRef = 95263DB31EEC61AD005815DC /* Cast.swift */; };
		95263DB81EEC649C005815DC /* ChatAdapter.swift in Sources */ = {isa = PBXBuildFile; fileRef = 95263DB71EEC649C005815DC /* ChatAdapter.swift */; };
		95263DBA1EEC67A3005815DC /* Optional+Extensions.swift in Sources */ = {isa = PBXBuildFile; fileRef = 95263DB91EEC67A3005815DC /* Optional+Extensions.swift */; };
		95263DBC1EEC693A005815DC /* UITableView+Extensions.swift in Sources */ = {isa = PBXBuildFile; fileRef = 95263DBB1EEC693A005815DC /* UITableView+Extensions.swift */; };
		95263DBE1EEC696F005815DC /* TableViewCell.swift in Sources */ = {isa = PBXBuildFile; fileRef = 95263DBD1EEC696F005815DC /* TableViewCell.swift */; };
		95263DC01EEC6CCA005815DC /* DispatchQueue+Extensions.swift in Sources */ = {isa = PBXBuildFile; fileRef = 95263DBF1EEC6CCA005815DC /* DispatchQueue+Extensions.swift */; };
		C1E589D97043DCBAACDBDFE8 /* Pods_Chat.framework in Frameworks */ = {isa = PBXBuildFile; fileRef = 4059A58D503594BA4ED11065 /* Pods_Chat.framework */; };
/* End PBXBuildFile section */

/* Begin PBXFileReference section */
		356D3DED3C75E4B807D63357 /* Pods-Chat.debug.xcconfig */ = {isa = PBXFileReference; includeInIndex = 1; lastKnownFileType = text.xcconfig; name = "Pods-Chat.debug.xcconfig"; path = "Pods/Target Support Files/Pods-Chat/Pods-Chat.debug.xcconfig"; sourceTree = "<group>"; };
		4059A58D503594BA4ED11065 /* Pods_Chat.framework */ = {isa = PBXFileReference; explicitFileType = wrapper.framework; includeInIndex = 0; path = Pods_Chat.framework; sourceTree = BUILT_PRODUCTS_DIR; };
		95263D7A1EEC375C005815DC /* AppDelegate.swift */ = {isa = PBXFileReference; fileEncoding = 4; lastKnownFileType = sourcecode.swift; path = AppDelegate.swift; sourceTree = "<group>"; };
		95263D7B1EEC375C005815DC /* GoogleService-Info.plist */ = {isa = PBXFileReference; fileEncoding = 4; lastKnownFileType = text.plist.xml; path = "GoogleService-Info.plist"; sourceTree = "<group>"; };
		95263D7C1EEC375C005815DC /* Info.plist */ = {isa = PBXFileReference; fileEncoding = 4; lastKnownFileType = text.plist.xml; path = Info.plist; sourceTree = "<group>"; };
		95263D7E1EEC375C005815DC /* Assets.xcassets */ = {isa = PBXFileReference; lastKnownFileType = folder.assetcatalog; path = Assets.xcassets; sourceTree = "<group>"; };
		95263D801EEC375C005815DC /* Base */ = {isa = PBXFileReference; lastKnownFileType = file.storyboard; name = Base; path = Base.lproj/LaunchScreen.storyboard; sourceTree = "<group>"; };
		95263D811EEC375C005815DC /* chat.json */ = {isa = PBXFileReference; fileEncoding = 4; lastKnownFileType = text.json; path = chat.json; sourceTree = "<group>"; };
		95263D851EEC375C005815DC /* Channel.swift */ = {isa = PBXFileReference; fileEncoding = 4; lastKnownFileType = sourcecode.swift; path = Channel.swift; sourceTree = "<group>"; };
		95263D861EEC375C005815DC /* Message.swift */ = {isa = PBXFileReference; fileEncoding = 4; lastKnownFileType = sourcecode.swift; path = Message.swift; sourceTree = "<group>"; };
		95263D871EEC375C005815DC /* User.swift */ = {isa = PBXFileReference; fileEncoding = 4; lastKnownFileType = sourcecode.swift; path = User.swift; sourceTree = "<group>"; };
		95263D891EEC375C005815DC /* Main.storyboard */ = {isa = PBXFileReference; fileEncoding = 4; lastKnownFileType = file.storyboard; path = Main.storyboard; sourceTree = "<group>"; };
		95263D8D1EEC375C005815DC /* ChatCell.swift */ = {isa = PBXFileReference; fileEncoding = 4; lastKnownFileType = sourcecode.swift; path = ChatCell.swift; sourceTree = "<group>"; };
		95263D8E1EEC375C005815DC /* ChatCell.xib */ = {isa = PBXFileReference; fileEncoding = 4; lastKnownFileType = file.xib; path = ChatCell.xib; sourceTree = "<group>"; };
		95263D8F1EEC375C005815DC /* ChatViewController.swift */ = {isa = PBXFileReference; fileEncoding = 4; lastKnownFileType = sourcecode.swift; path = ChatViewController.swift; sourceTree = "<group>"; };
		95263D901EEC375C005815DC /* PrototypeCell.swift */ = {isa = PBXFileReference; fileEncoding = 4; lastKnownFileType = sourcecode.swift; path = PrototypeCell.swift; sourceTree = "<group>"; };
		95263D911EEC375C005815DC /* SegmentCell.swift */ = {isa = PBXFileReference; fileEncoding = 4; lastKnownFileType = sourcecode.swift; path = SegmentCell.swift; sourceTree = "<group>"; };
		95263D921EEC375C005815DC /* SegmentCell.xib */ = {isa = PBXFileReference; fileEncoding = 4; lastKnownFileType = file.xib; path = SegmentCell.xib; sourceTree = "<group>"; };
		95263DA81EEC3A74005815DC /* ID.swift */ = {isa = PBXFileReference; fileEncoding = 4; lastKnownFileType = sourcecode.swift; path = ID.swift; sourceTree = "<group>"; };
		95263DAA1EEC3A9D005815DC /* APIService.swift */ = {isa = PBXFileReference; fileEncoding = 4; lastKnownFileType = sourcecode.swift; path = APIService.swift; sourceTree = "<group>"; };
		95263DAC1EEC4DBA005815DC /* JSON.swift */ = {isa = PBXFileReference; fileEncoding = 4; lastKnownFileType = sourcecode.swift; path = JSON.swift; sourceTree = "<group>"; };
		95263DAF1EEC5C45005815DC /* Array+Extensions.swift */ = {isa = PBXFileReference; fileEncoding = 4; lastKnownFileType = sourcecode.swift; path = "Array+Extensions.swift"; sourceTree = "<group>"; };
		95263DB11EEC605E005815DC /* ChatView.swift */ = {isa = PBXFileReference; fileEncoding = 4; lastKnownFileType = sourcecode.swift; path = ChatView.swift; sourceTree = "<group>"; };
		95263DB31EEC61AD005815DC /* Cast.swift */ = {isa = PBXFileReference; fileEncoding = 4; lastKnownFileType = sourcecode.swift; path = Cast.swift; sourceTree = "<group>"; };
		95263DB71EEC649C005815DC /* ChatAdapter.swift */ = {isa = PBXFileReference; fileEncoding = 4; lastKnownFileType = sourcecode.swift; path = ChatAdapter.swift; sourceTree = "<group>"; };
		95263DB91EEC67A3005815DC /* Optional+Extensions.swift */ = {isa = PBXFileReference; fileEncoding = 4; lastKnownFileType = sourcecode.swift; path = "Optional+Extensions.swift"; sourceTree = "<group>"; };
		95263DBB1EEC693A005815DC /* UITableView+Extensions.swift */ = {isa = PBXFileReference; fileEncoding = 4; lastKnownFileType = sourcecode.swift; path = "UITableView+Extensions.swift"; sourceTree = "<group>"; };
		95263DBD1EEC696F005815DC /* TableViewCell.swift */ = {isa = PBXFileReference; fileEncoding = 4; lastKnownFileType = sourcecode.swift; path = TableViewCell.swift; sourceTree = "<group>"; };
		95263DBF1EEC6CCA005815DC /* DispatchQueue+Extensions.swift */ = {isa = PBXFileReference; fileEncoding = 4; lastKnownFileType = sourcecode.swift; path = "DispatchQueue+Extensions.swift"; sourceTree = "<group>"; };
		95BBBBAD1EE8581400100889 /* Chat.app */ = {isa = PBXFileReference; explicitFileType = wrapper.application; includeInIndex = 0; path = Chat.app; sourceTree = BUILT_PRODUCTS_DIR; };
		AFAF25F42B1BBCA5E77F7279 /* Pods-Chat.release.xcconfig */ = {isa = PBXFileReference; includeInIndex = 1; lastKnownFileType = text.xcconfig; name = "Pods-Chat.release.xcconfig"; path = "Pods/Target Support Files/Pods-Chat/Pods-Chat.release.xcconfig"; sourceTree = "<group>"; };
/* End PBXFileReference section */

/* Begin PBXFrameworksBuildPhase section */
		95BBBBAA1EE8581400100889 /* Frameworks */ = {
			isa = PBXFrameworksBuildPhase;
			buildActionMask = 2147483647;
			files = (
				C1E589D97043DCBAACDBDFE8 /* Pods_Chat.framework in Frameworks */,
			);
			runOnlyForDeploymentPostprocessing = 0;
		};
/* End PBXFrameworksBuildPhase section */

/* Begin PBXGroup section */
		48C02EE22F5E94E42F577E98 /* Frameworks */ = {
			isa = PBXGroup;
			children = (
				4059A58D503594BA4ED11065 /* Pods_Chat.framework */,
			);
			name = Frameworks;
			sourceTree = "<group>";
		};
		4AA6C9529862A4B0CE28E66A /* Pods */ = {
			isa = PBXGroup;
			children = (
				356D3DED3C75E4B807D63357 /* Pods-Chat.debug.xcconfig */,
				AFAF25F42B1BBCA5E77F7279 /* Pods-Chat.release.xcconfig */,
			);
			name = Pods;
			sourceTree = "<group>";
		};
		95263D791EEC375C005815DC /* Chat */ = {
			isa = PBXGroup;
			children = (
				95263D7A1EEC375C005815DC /* AppDelegate.swift */,
				95263D7B1EEC375C005815DC /* GoogleService-Info.plist */,
				95263D7C1EEC375C005815DC /* Info.plist */,
			);
			path = Chat;
			sourceTree = "<group>";
		};
		95263D7D1EEC375C005815DC /* Resources */ = {
			isa = PBXGroup;
			children = (
				95263D7E1EEC375C005815DC /* Assets.xcassets */,
				95263D7F1EEC375C005815DC /* LaunchScreen.storyboard */,
				95263D811EEC375C005815DC /* chat.json */,
			);
			path = Resources;
			sourceTree = "<group>";
		};
		95263D821EEC375C005815DC /* Sources */ = {
			isa = PBXGroup;
			children = (
				95263D831EEC375C005815DC /* Library */,
				95263D841EEC375C005815DC /* Models */,
				95263D881EEC375C005815DC /* Storyboards */,
				95263D8A1EEC375C005815DC /* UI */,
			);
			path = Sources;
			sourceTree = "<group>";
		};
		95263D831EEC375C005815DC /* Library */ = {
			isa = PBXGroup;
			children = (
				95263DAE1EEC5C37005815DC /* Extensions */,
				95263DA61EEC3A74005815DC /* Services */,
				95263DA71EEC3A74005815DC /* Types */,
			);
			path = Library;
			sourceTree = "<group>";
		};
		95263D841EEC375C005815DC /* Models */ = {
			isa = PBXGroup;
			children = (
				95263D851EEC375C005815DC /* Channel.swift */,
				95263D861EEC375C005815DC /* Message.swift */,
				95263D871EEC375C005815DC /* User.swift */,
			);
			path = Models;
			sourceTree = "<group>";
		};
		95263D881EEC375C005815DC /* Storyboards */ = {
			isa = PBXGroup;
			children = (
				95263D891EEC375C005815DC /* Main.storyboard */,
			);
			path = Storyboards;
			sourceTree = "<group>";
		};
		95263D8A1EEC375C005815DC /* UI */ = {
			isa = PBXGroup;
			children = (
				95263D8B1EEC375C005815DC /* Controllers */,
				95263D931EEC375C005815DC /* Views */,
			);
			path = UI;
			sourceTree = "<group>";
		};
		95263D8B1EEC375C005815DC /* Controllers */ = {
			isa = PBXGroup;
			children = (
				95263D8C1EEC375C005815DC /* Chat */,
			);
			path = Controllers;
			sourceTree = "<group>";
		};
		95263D8C1EEC375C005815DC /* Chat */ = {
			isa = PBXGroup;
			children = (
				95263DB71EEC649C005815DC /* ChatAdapter.swift */,
				95263D8D1EEC375C005815DC /* ChatCell.swift */,
				95263D8E1EEC375C005815DC /* ChatCell.xib */,
				95263D8F1EEC375C005815DC /* ChatViewController.swift */,
				95263D901EEC375C005815DC /* PrototypeCell.swift */,
				95263D911EEC375C005815DC /* SegmentCell.swift */,
				95263D921EEC375C005815DC /* SegmentCell.xib */,
				95263DB11EEC605E005815DC /* ChatView.swift */,
			);
			path = Chat;
			sourceTree = "<group>";
		};
		95263D931EEC375C005815DC /* Views */ = {
			isa = PBXGroup;
			children = (
			);
			path = Views;
			sourceTree = "<group>";
		};
		95263DA61EEC3A74005815DC /* Services */ = {
			isa = PBXGroup;
			children = (
				95263DAA1EEC3A9D005815DC /* APIService.swift */,
			);
			path = Services;
			sourceTree = "<group>";
		};
		95263DA71EEC3A74005815DC /* Types */ = {
			isa = PBXGroup;
			children = (
				95263DA81EEC3A74005815DC /* ID.swift */,
				95263DAC1EEC4DBA005815DC /* JSON.swift */,
				95263DB31EEC61AD005815DC /* Cast.swift */,
				95263DBD1EEC696F005815DC /* TableViewCell.swift */,
			);
			path = Types;
			sourceTree = "<group>";
		};
		95263DAE1EEC5C37005815DC /* Extensions */ = {
			isa = PBXGroup;
			children = (
				95263DAF1EEC5C45005815DC /* Array+Extensions.swift */,
				95263DB91EEC67A3005815DC /* Optional+Extensions.swift */,
				95263DBB1EEC693A005815DC /* UITableView+Extensions.swift */,
				95263DBF1EEC6CCA005815DC /* DispatchQueue+Extensions.swift */,
			);
			path = Extensions;
			sourceTree = "<group>";
		};
		95BBBBA41EE8581400100889 = {
			isa = PBXGroup;
			children = (
				95263D791EEC375C005815DC /* Chat */,
				95263D7D1EEC375C005815DC /* Resources */,
				95263D821EEC375C005815DC /* Sources */,
				95BBBBAE1EE8581400100889 /* Products */,
				4AA6C9529862A4B0CE28E66A /* Pods */,
				48C02EE22F5E94E42F577E98 /* Frameworks */,
			);
			sourceTree = "<group>";
		};
		95BBBBAE1EE8581400100889 /* Products */ = {
			isa = PBXGroup;
			children = (
				95BBBBAD1EE8581400100889 /* Chat.app */,
			);
			name = Products;
			sourceTree = "<group>";
		};
/* End PBXGroup section */

/* Begin PBXNativeTarget section */
		95BBBBAC1EE8581400100889 /* Chat */ = {
			isa = PBXNativeTarget;
			buildConfigurationList = 95BBBBBF1EE8581400100889 /* Build configuration list for PBXNativeTarget "Chat" */;
			buildPhases = (
				0C17DF26B6FED289613FC0F0 /* [CP] Check Pods Manifest.lock */,
				95BBBBA91EE8581400100889 /* Sources */,
				95BBBBAA1EE8581400100889 /* Frameworks */,
				95BBBBAB1EE8581400100889 /* Resources */,
				9370FDE683584762A008FF49 /* [CP] Embed Pods Frameworks */,
				6E0B20397D9D8AE8A275FA9D /* [CP] Copy Pods Resources */,
			);
			buildRules = (
			);
			dependencies = (
			);
			name = Chat;
			productName = Chat;
			productReference = 95BBBBAD1EE8581400100889 /* Chat.app */;
			productType = "com.apple.product-type.application";
		};
/* End PBXNativeTarget section */

/* Begin PBXProject section */
		95BBBBA51EE8581400100889 /* Project object */ = {
			isa = PBXProject;
			attributes = {
				LastSwiftUpdateCheck = 0830;
				LastUpgradeCheck = 0830;
				ORGANIZATIONNAME = Anna;
				TargetAttributes = {
					95BBBBAC1EE8581400100889 = {
						CreatedOnToolsVersion = 8.3.2;
						DevelopmentTeam = X8E2R8HQQL;
						ProvisioningStyle = Automatic;
					};
				};
			};
			buildConfigurationList = 95BBBBA81EE8581400100889 /* Build configuration list for PBXProject "Chat" */;
			compatibilityVersion = "Xcode 3.2";
			developmentRegion = English;
			hasScannedForEncodings = 0;
			knownRegions = (
				en,
				Base,
			);
			mainGroup = 95BBBBA41EE8581400100889;
			productRefGroup = 95BBBBAE1EE8581400100889 /* Products */;
			projectDirPath = "";
			projectRoot = "";
			targets = (
				95BBBBAC1EE8581400100889 /* Chat */,
			);
		};
/* End PBXProject section */

/* Begin PBXResourcesBuildPhase section */
		95BBBBAB1EE8581400100889 /* Resources */ = {
			isa = PBXResourcesBuildPhase;
			buildActionMask = 2147483647;
			files = (
				95263D9F1EEC375C005815DC /* ChatCell.xib in Resources */,
				95263D961EEC375C005815DC /* Info.plist in Resources */,
				95263D991EEC375C005815DC /* chat.json in Resources */,
				95263DA31EEC375C005815DC /* SegmentCell.xib in Resources */,
				95263D981EEC375C005815DC /* LaunchScreen.storyboard in Resources */,
				95263D9D1EEC375C005815DC /* Main.storyboard in Resources */,
				95263D971EEC375C005815DC /* Assets.xcassets in Resources */,
				95263D951EEC375C005815DC /* GoogleService-Info.plist in Resources */,
			);
			runOnlyForDeploymentPostprocessing = 0;
		};
/* End PBXResourcesBuildPhase section */

/* Begin PBXShellScriptBuildPhase section */
		0C17DF26B6FED289613FC0F0 /* [CP] Check Pods Manifest.lock */ = {
			isa = PBXShellScriptBuildPhase;
			buildActionMask = 2147483647;
			files = (
			);
			inputPaths = (
			);
			name = "[CP] Check Pods Manifest.lock";
			outputPaths = (
			);
			runOnlyForDeploymentPostprocessing = 0;
			shellPath = /bin/sh;
			shellScript = "diff \"${PODS_PODFILE_DIR_PATH}/Podfile.lock\" \"${PODS_ROOT}/Manifest.lock\" > /dev/null\nif [ $? != 0 ] ; then\n    # print error to STDERR\n    echo \"error: The sandbox is not in sync with the Podfile.lock. Run 'pod install' or update your CocoaPods installation.\" >&2\n    exit 1\nfi\n";
			showEnvVarsInLog = 0;
		};
		6E0B20397D9D8AE8A275FA9D /* [CP] Copy Pods Resources */ = {
			isa = PBXShellScriptBuildPhase;
			buildActionMask = 2147483647;
			files = (
			);
			inputPaths = (
			);
			name = "[CP] Copy Pods Resources";
			outputPaths = (
			);
			runOnlyForDeploymentPostprocessing = 0;
			shellPath = /bin/sh;
			shellScript = "\"${SRCROOT}/Pods/Target Support Files/Pods-Chat/Pods-Chat-resources.sh\"\n";
			showEnvVarsInLog = 0;
		};
		9370FDE683584762A008FF49 /* [CP] Embed Pods Frameworks */ = {
			isa = PBXShellScriptBuildPhase;
			buildActionMask = 2147483647;
			files = (
			);
			inputPaths = (
			);
			name = "[CP] Embed Pods Frameworks";
			outputPaths = (
			);
			runOnlyForDeploymentPostprocessing = 0;
			shellPath = /bin/sh;
			shellScript = "\"${SRCROOT}/Pods/Target Support Files/Pods-Chat/Pods-Chat-frameworks.sh\"\n";
			showEnvVarsInLog = 0;
		};
/* End PBXShellScriptBuildPhase section */

/* Begin PBXSourcesBuildPhase section */
		95BBBBA91EE8581400100889 /* Sources */ = {
			isa = PBXSourcesBuildPhase;
			buildActionMask = 2147483647;
			files = (
				95263D9C1EEC375C005815DC /* User.swift in Sources */,
				95263DAD1EEC4DBA005815DC /* JSON.swift in Sources */,
				95263DB41EEC61AD005815DC /* Cast.swift in Sources */,
				95263DBE1EEC696F005815DC /* TableViewCell.swift in Sources */,
				95263D9B1EEC375C005815DC /* Message.swift in Sources */,
				95263D941EEC375C005815DC /* AppDelegate.swift in Sources */,
				95263DBA1EEC67A3005815DC /* Optional+Extensions.swift in Sources */,
				95263DA11EEC375C005815DC /* PrototypeCell.swift in Sources */,
				95263D9E1EEC375C005815DC /* ChatCell.swift in Sources */,
				95263DBC1EEC693A005815DC /* UITableView+Extensions.swift in Sources */,
				95263DC01EEC6CCA005815DC /* DispatchQueue+Extensions.swift in Sources */,
				95263DB21EEC605E005815DC /* ChatView.swift in Sources */,
				95263DA01EEC375C005815DC /* ChatViewController.swift in Sources */,
				95263DB01EEC5C45005815DC /* Array+Extensions.swift in Sources */,
				95263DAB1EEC3A9D005815DC /* APIService.swift in Sources */,
				95263D9A1EEC375C005815DC /* Channel.swift in Sources */,
				95263DB81EEC649C005815DC /* ChatAdapter.swift in Sources */,
				95263DA91EEC3A74005815DC /* ID.swift in Sources */,
				95263DA21EEC375C005815DC /* SegmentCell.swift in Sources */,
			);
			runOnlyForDeploymentPostprocessing = 0;
		};
/* End PBXSourcesBuildPhase section */

/* Begin PBXVariantGroup section */
		95263D7F1EEC375C005815DC /* LaunchScreen.storyboard */ = {
			isa = PBXVariantGroup;
			children = (
				95263D801EEC375C005815DC /* Base */,
			);
			name = LaunchScreen.storyboard;
			sourceTree = "<group>";
		};
/* End PBXVariantGroup section */

/* Begin XCBuildConfiguration section */
		95BBBBBD1EE8581400100889 /* Debug */ = {
			isa = XCBuildConfiguration;
			buildSettings = {
				ALWAYS_SEARCH_USER_PATHS = NO;
				CLANG_ANALYZER_NONNULL = YES;
				CLANG_ANALYZER_NUMBER_OBJECT_CONVERSION = YES_AGGRESSIVE;
				CLANG_CXX_LANGUAGE_STANDARD = "gnu++0x";
				CLANG_CXX_LIBRARY = "libc++";
				CLANG_ENABLE_MODULES = YES;
				CLANG_ENABLE_OBJC_ARC = YES;
				CLANG_WARN_BOOL_CONVERSION = YES;
				CLANG_WARN_CONSTANT_CONVERSION = YES;
				CLANG_WARN_DIRECT_OBJC_ISA_USAGE = YES_ERROR;
				CLANG_WARN_DOCUMENTATION_COMMENTS = YES;
				CLANG_WARN_EMPTY_BODY = YES;
				CLANG_WARN_ENUM_CONVERSION = YES;
				CLANG_WARN_INFINITE_RECURSION = YES;
				CLANG_WARN_INT_CONVERSION = YES;
				CLANG_WARN_OBJC_ROOT_CLASS = YES_ERROR;
				CLANG_WARN_SUSPICIOUS_MOVE = YES;
				CLANG_WARN_UNREACHABLE_CODE = YES;
				CLANG_WARN__DUPLICATE_METHOD_MATCH = YES;
				"CODE_SIGN_IDENTITY[sdk=iphoneos*]" = "iPhone Developer";
				COPY_PHASE_STRIP = NO;
				DEBUG_INFORMATION_FORMAT = dwarf;
				ENABLE_STRICT_OBJC_MSGSEND = YES;
				ENABLE_TESTABILITY = YES;
				GCC_C_LANGUAGE_STANDARD = gnu99;
				GCC_DYNAMIC_NO_PIC = NO;
				GCC_NO_COMMON_BLOCKS = YES;
				GCC_OPTIMIZATION_LEVEL = 0;
				GCC_PREPROCESSOR_DEFINITIONS = (
					"DEBUG=1",
					"$(inherited)",
				);
				GCC_WARN_64_TO_32_BIT_CONVERSION = YES;
				GCC_WARN_ABOUT_RETURN_TYPE = YES_ERROR;
				GCC_WARN_UNDECLARED_SELECTOR = YES;
				GCC_WARN_UNINITIALIZED_AUTOS = YES_AGGRESSIVE;
				GCC_WARN_UNUSED_FUNCTION = YES;
				GCC_WARN_UNUSED_VARIABLE = YES;
				IPHONEOS_DEPLOYMENT_TARGET = 10.3;
				MTL_ENABLE_DEBUG_INFO = YES;
				ONLY_ACTIVE_ARCH = YES;
				SDKROOT = iphoneos;
				SWIFT_ACTIVE_COMPILATION_CONDITIONS = DEBUG;
				SWIFT_OPTIMIZATION_LEVEL = "-Onone";
				TARGETED_DEVICE_FAMILY = "1,2";
			};
			name = Debug;
		};
		95BBBBBE1EE8581400100889 /* Release */ = {
			isa = XCBuildConfiguration;
			buildSettings = {
				ALWAYS_SEARCH_USER_PATHS = NO;
				CLANG_ANALYZER_NONNULL = YES;
				CLANG_ANALYZER_NUMBER_OBJECT_CONVERSION = YES_AGGRESSIVE;
				CLANG_CXX_LANGUAGE_STANDARD = "gnu++0x";
				CLANG_CXX_LIBRARY = "libc++";
				CLANG_ENABLE_MODULES = YES;
				CLANG_ENABLE_OBJC_ARC = YES;
				CLANG_WARN_BOOL_CONVERSION = YES;
				CLANG_WARN_CONSTANT_CONVERSION = YES;
				CLANG_WARN_DIRECT_OBJC_ISA_USAGE = YES_ERROR;
				CLANG_WARN_DOCUMENTATION_COMMENTS = YES;
				CLANG_WARN_EMPTY_BODY = YES;
				CLANG_WARN_ENUM_CONVERSION = YES;
				CLANG_WARN_INFINITE_RECURSION = YES;
				CLANG_WARN_INT_CONVERSION = YES;
				CLANG_WARN_OBJC_ROOT_CLASS = YES_ERROR;
				CLANG_WARN_SUSPICIOUS_MOVE = YES;
				CLANG_WARN_UNREACHABLE_CODE = YES;
				CLANG_WARN__DUPLICATE_METHOD_MATCH = YES;
				"CODE_SIGN_IDENTITY[sdk=iphoneos*]" = "iPhone Developer";
				COPY_PHASE_STRIP = NO;
				DEBUG_INFORMATION_FORMAT = "dwarf-with-dsym";
				ENABLE_NS_ASSERTIONS = NO;
				ENABLE_STRICT_OBJC_MSGSEND = YES;
				GCC_C_LANGUAGE_STANDARD = gnu99;
				GCC_NO_COMMON_BLOCKS = YES;
				GCC_WARN_64_TO_32_BIT_CONVERSION = YES;
				GCC_WARN_ABOUT_RETURN_TYPE = YES_ERROR;
				GCC_WARN_UNDECLARED_SELECTOR = YES;
				GCC_WARN_UNINITIALIZED_AUTOS = YES_AGGRESSIVE;
				GCC_WARN_UNUSED_FUNCTION = YES;
				GCC_WARN_UNUSED_VARIABLE = YES;
				IPHONEOS_DEPLOYMENT_TARGET = 10.3;
				MTL_ENABLE_DEBUG_INFO = NO;
				SDKROOT = iphoneos;
				SWIFT_OPTIMIZATION_LEVEL = "-Owholemodule";
				TARGETED_DEVICE_FAMILY = "1,2";
				VALIDATE_PRODUCT = YES;
			};
			name = Release;
		};
		95BBBBC01EE8581400100889 /* Debug */ = {
			isa = XCBuildConfiguration;
			baseConfigurationReference = 356D3DED3C75E4B807D63357 /* Pods-Chat.debug.xcconfig */;
			buildSettings = {
				ASSETCATALOG_COMPILER_APPICON_NAME = AppIcon;
				DEVELOPMENT_TEAM = X8E2R8HQQL;
				INFOPLIST_FILE = Chat/Info.plist;
				LD_RUNPATH_SEARCH_PATHS = "$(inherited) @executable_path/Frameworks";
				PRODUCT_BUNDLE_IDENTIFIER = "A-Lime-Studio.Chat";
				PRODUCT_NAME = "$(TARGET_NAME)";
				SWIFT_VERSION = 3.0;
			};
			name = Debug;
		};
		95BBBBC11EE8581400100889 /* Release */ = {
			isa = XCBuildConfiguration;
			baseConfigurationReference = AFAF25F42B1BBCA5E77F7279 /* Pods-Chat.release.xcconfig */;
			buildSettings = {
				ASSETCATALOG_COMPILER_APPICON_NAME = AppIcon;
				DEVELOPMENT_TEAM = X8E2R8HQQL;
				INFOPLIST_FILE = Chat/Info.plist;
				LD_RUNPATH_SEARCH_PATHS = "$(inherited) @executable_path/Frameworks";
				PRODUCT_BUNDLE_IDENTIFIER = "A-Lime-Studio.Chat";
				PRODUCT_NAME = "$(TARGET_NAME)";
				SWIFT_VERSION = 3.0;
			};
			name = Release;
		};
/* End XCBuildConfiguration section */

/* Begin XCConfigurationList section */
		95BBBBA81EE8581400100889 /* Build configuration list for PBXProject "Chat" */ = {
			isa = XCConfigurationList;
			buildConfigurations = (
				95BBBBBD1EE8581400100889 /* Debug */,
				95BBBBBE1EE8581400100889 /* Release */,
			);
			defaultConfigurationIsVisible = 0;
			defaultConfigurationName = Release;
		};
		95BBBBBF1EE8581400100889 /* Build configuration list for PBXNativeTarget "Chat" */ = {
			isa = XCConfigurationList;
			buildConfigurations = (
				95BBBBC01EE8581400100889 /* Debug */,
				95BBBBC11EE8581400100889 /* Release */,
			);
			defaultConfigurationIsVisible = 0;
			defaultConfigurationName = Release;
		};
/* End XCConfigurationList section */
	};
	rootObject = 95BBBBA51EE8581400100889 /* Project object */;
}
